{
  "version": 4,
  "terraform_version": "1.14.8",
  "serial": 1,
  "lineage": "62065db4-2c98-e84d-49a0-c3ef69912cee",
  "outputs": {
    "config_file_path": {
      "value": "./env-config.json",
      "type": "string"
    },
    "status": {
      "value": "✅ Terraform local IaC practice complete",
      "type": "string"
    }
  },
  "resources": [
    {
      "mode": "managed",
      "type": "local_file",
      "name": "env_config",
      "provider": "provider[\"registry.terraform.io/hashicorp/local\"]",
      "instances": [
        {
          "schema_version": 0,
          "attributes": {
            "content": "{\"day\":5,\"environment\":\"local\",\"project\":\"devops-journey\",\"timestamp\":\"2026-04-14T21:32:34Z\",\"tools\":[\"docker\",\"compose\",\"terraform\",\"git\"]}",
            "content_base64": null,
            "content_base64sha256": "mKyKJTc5JfOdaPwjaE3FbXh4eDMFHxSdDz5+Bzv+574=",
            "content_base64sha512": "oJUZLWTQcdYp8bbAimoyt0VMNNhfrEUxeSYxkUg87V47L/alK2XYbNpps/37JZHqj5Ftuel6BLv2dIWRvmhGJA==",
            "content_md5": "106db3c93bf359db49dc10b4a25de49b",
            "content_sha1": "a7e00c9524f6aaf34d4455f100ebc2dc5b1c4546",
            "content_sha256": "98ac8a25373925f39d68fc23684dc56d78787833051f149d0f3e7e073bfee7be",
            "content_sha512": "a095192d64d071d629f1b6c08a6a32b7454c34d85fac453179263191483ced5e3b2ff6a52b65d86cda69b3fdfb2591ea8f916db9e97a04bbf6748591be684624",
            "directory_permission": "0777",
            "file_permission": "0777",
            "filename": "./env-config.json",
            "id": "a7e00c9524f6aaf34d4455f100ebc2dc5b1c4546",
            "sensitive_content": null,
            "source": null
          },
          "sensitive_attributes": [
            [
              {
                "type": "get_attr",
                "value": "sensitive_content"
              }
            ]
          ],
          "identity_schema_version": 0
        }
      ]
    },
    {
      "mode": "managed",
      "type": "null_resource",
      "name": "devops_notes",
      "provider": "provider[\"registry.terraform.io/hashicorp/null\"]",
      "instances": [
        {
          "schema_version": 0,
          "attributes": {
            "id": "1325745534636296367",
            "triggers": {
              "timestamp": "2026-04-14T21:32:34Z"
            }
          },
          "sensitive_attributes": [],
          "identity_schema_version": 0
        }
      ]
    }
  ],
  "check_results": null
}
